
Microsoft Visual Studio Solution File, Format Version 12.00
# Visual Studio Version 17
VisualStudioVersion = 17.0.31919.166
MinimumVisualStudioVersion = 10.0.40219.1
Project("{FAE04EC0-301F-11D3-BF4B-00C04F79EFBC}") = "ConsoleDependencyInjectionSample", "ConsoleDependencyInjectionSample\ConsoleDependencyInjectionSample.csproj", "{01AA8401-3E5D-4587-85C4-B5DE11C23C47}"
EndProject
Global
	GlobalSection(SolutionConfigurationPlatforms) = preSolution
		Debug|Any CPU = Debug|Any CPU
		Release|Any CPU = Release|Any CPU
	EndGlobalSection
	GlobalSection(ProjectConfigurationPlatforms) = postSolution
		{01AA8401-3E5D-4587-85C4-B5DE11C23C47}.Debug|Any CPU.ActiveCfg = Debug|Any CPU
		{01AA8401-3E5D-4587-85C4-B5DE11C23C47}.Debug|Any CPU.Build.0 = Debug|Any CPU
		{01AA8401-3E5D-4587-85C4-B5DE11C23C47}.Release|Any CPU.ActiveCfg = Release|Any CPU
		{01AA8401-3E5D-4587-85C4-B5DE11C23C47}.Release|Any CPU.Build.0 = Release|Any CPU
	EndGlobalSection
	GlobalSection(SolutionProperties) = preSolution
		HideSolutionNode = FALSE
	EndGlobalSection
	GlobalSection(ExtensibilityGlobals) = postSolution
		SolutionGuid = {2FF09F61-7039-417F-ADCE-95CD65291388}
	EndGlobalSection
EndGlobal
